// !$*UTF8*$!
{
	archiveVersion = 1;
	classes = {
	};
	objectVersion = 56;
	objects = {

/* Begin PBXBuildFile section */
		60389A7429800470005E4E8F /* main.swift in Sources */ = {isa = PBXBuildFile; fileRef = 60389A7329800470005E4E8F /* main.swift */; };
		605C208C298E69B500713490 /* 230204.swift in Sources */ = {isa = PBXBuildFile; fileRef = 605C208B298E69B500713490 /* 230204.swift */; };
		6099E2982B9453BD0005AE35 /* Leetcode2024.swift in Sources */ = {isa = PBXBuildFile; fileRef = 6099E2972B9453BD0005AE35 /* Leetcode2024.swift */; };
		6099E29A2B9454250005AE35 /* 240303.swift in Sources */ = {isa = PBXBuildFile; fileRef = 6099E2992B9454250005AE35 /* 240303.swift */; };
		60A76B202B96E37E006A1064 /* 240305.swift in Sources */ = {isa = PBXBuildFile; fileRef = 60A76B1F2B96E37E006A1064 /* 240305.swift */; };
		60A76B242B9839BA006A1064 /* 240306.swift in Sources */ = {isa = PBXBuildFile; fileRef = 60A76B232B9839BA006A1064 /* 240306.swift */; };
		60A76B262B998952006A1064 /* 240307.swift in Sources */ = {isa = PBXBuildFile; fileRef = 60A76B252B998952006A1064 /* 240307.swift */; };
		60D8DE172B9D689A0021F7E2 /* 240310.swift in Sources */ = {isa = PBXBuildFile; fileRef = 60D8DE162B9D689A0021F7E2 /* 240310.swift */; };
		60D8DE1A2B9ECEBD0021F7E2 /* 240311.swift in Sources */ = {isa = PBXBuildFile; fileRef = 60D8DE192B9ECEBD0021F7E2 /* 240311.swift */; };
		60D8DE1C2BA01F600021F7E2 /* TreeNode.swift in Sources */ = {isa = PBXBuildFile; fileRef = 60D8DE1B2BA01F600021F7E2 /* TreeNode.swift */; };
		60D8DE1E2BA01F760021F7E2 /* 240312.swift in Sources */ = {isa = PBXBuildFile; fileRef = 60D8DE1D2BA01F760021F7E2 /* 240312.swift */; };
		60D8DE222BA16F4C0021F7E2 /* 240313.swift in Sources */ = {isa = PBXBuildFile; fileRef = 60D8DE212BA16F4C0021F7E2 /* 240313.swift */; };
		60D8DE242BA2B36E0021F7E2 /* 240314.swift in Sources */ = {isa = PBXBuildFile; fileRef = 60D8DE232BA2B36E0021F7E2 /* 240314.swift */; };
		A24EF11C298B8A8F004B6F01 /* 201107.swift in Sources */ = {isa = PBXBuildFile; fileRef = A24EF0B4298B8A8F004B6F01 /* 201107.swift */; };
		A24EF11D298B8A8F004B6F01 /* 201103.swift in Sources */ = {isa = PBXBuildFile; fileRef = A24EF0B5298B8A8F004B6F01 /* 201103.swift */; };
		A24EF11E298B8A8F004B6F01 /* 201106(我是一行超人).swift in Sources */ = {isa = PBXBuildFile; fileRef = A24EF0B6298B8A8F004B6F01 /* 201106(我是一行超人).swift */; };
		A24EF11F298B8A8F004B6F01 /* 201104.swift in Sources */ = {isa = PBXBuildFile; fileRef = A24EF0B7298B8A8F004B6F01 /* 201104.swift */; };
		A24EF120298B8A8F004B6F01 /* 201102.swift in Sources */ = {isa = PBXBuildFile; fileRef = A24EF0B8298B8A8F004B6F01 /* 201102.swift */; };
		A24EF121298B8A8F004B6F01 /* 201108.swift in Sources */ = {isa = PBXBuildFile; fileRef = A24EF0B9298B8A8F004B6F01 /* 201108.swift */; };
		A24EF122298B8A8F004B6F01 /* 201105(这期是转折点).swift in Sources */ = {isa = PBXBuildFile; fileRef = A24EF0BA298B8A8F004B6F01 /* 201105(这期是转折点).swift */; };
		A24EF123298B8A8F004B6F01 /* 201109.swift in Sources */ = {isa = PBXBuildFile; fileRef = A24EF0BB298B8A8F004B6F01 /* 201109.swift */; };
		A24EF124298B8A8F004B6F01 /* 200912(nm).swift in Sources */ = {isa = PBXBuildFile; fileRef = A24EF0BD298B8A8F004B6F01 /* 200912(nm).swift */; };
		A24EF125298B8A8F004B6F01 /* 200906(梦开始的地方,还是抄的).swift in Sources */ = {isa = PBXBuildFile; fileRef = A24EF0BE298B8A8F004B6F01 /* 200906(梦开始的地方,还是抄的).swift */; };
		A24EF126298B8A8F004B6F01 /* 200919.swift in Sources */ = {isa = PBXBuildFile; fileRef = A24EF0BF298B8A8F004B6F01 /* 200919.swift */; };
		A24EF127298B8A8F004B6F01 /* 200915(解数独).swift in Sources */ = {isa = PBXBuildFile; fileRef = A24EF0C0298B8A8F004B6F01 /* 200915(解数独).swift */; };
		A24EF128298B8A8F004B6F01 /* 200911.swift in Sources */ = {isa = PBXBuildFile; fileRef = A24EF0C1298B8A8F004B6F01 /* 200911.swift */; };
		A24EF129298B8A8F004B6F01 /* 200917.swift in Sources */ = {isa = PBXBuildFile; fileRef = A24EF0C2298B8A8F004B6F01 /* 200917.swift */; };
		A24EF12A298B8A90004B6F01 /* 200908(回溯的梦).swift in Sources */ = {isa = PBXBuildFile; fileRef = A24EF0C3298B8A8F004B6F01 /* 200908(回溯的梦).swift */; };
		A24EF12B298B8A90004B6F01 /* 200910.swift in Sources */ = {isa = PBXBuildFile; fileRef = A24EF0C4298B8A8F004B6F01 /* 200910.swift */; };
		A24EF12C298B8A90004B6F01 /* 200909.swift in Sources */ = {isa = PBXBuildFile; fileRef = A24EF0C5298B8A8F004B6F01 /* 200909.swift */; };
		A24EF12D298B8A90004B6F01 /* 200930.swift in Sources */ = {isa = PBXBuildFile; fileRef = A24EF0C6298B8A8F004B6F01 /* 200930.swift */; };
		A24EF12E298B8A90004B6F01 /* 200929.swift in Sources */ = {isa = PBXBuildFile; fileRef = A24EF0C7298B8A8F004B6F01 /* 200929.swift */; };
		A24EF12F298B8A90004B6F01 /* 200916.swift in Sources */ = {isa = PBXBuildFile; fileRef = A24EF0C8298B8A8F004B6F01 /* 200916.swift */; };
		A24EF130298B8A90004B6F01 /* 201018.swift in Sources */ = {isa = PBXBuildFile; fileRef = A24EF0CA298B8A8F004B6F01 /* 201018.swift */; };
		A24EF131298B8A90004B6F01 /* 201025.swift in Sources */ = {isa = PBXBuildFile; fileRef = A24EF0CB298B8A8F004B6F01 /* 201025.swift */; };
		A24EF132298B8A90004B6F01 /* 201027(TreeNode).swift in Sources */ = {isa = PBXBuildFile; fileRef = A24EF0CC298B8A8F004B6F01 /* 201027(TreeNode).swift */; };
		A24EF133298B8A90004B6F01 /* 201026.swift in Sources */ = {isa = PBXBuildFile; fileRef = A24EF0CD298B8A8F004B6F01 /* 201026.swift */; };
		A24EF134298B8A90004B6F01 /* 201013.swift in Sources */ = {isa = PBXBuildFile; fileRef = A24EF0CE298B8A8F004B6F01 /* 201013.swift */; };
		A24EF135298B8A90004B6F01 /* 201011.swift in Sources */ = {isa = PBXBuildFile; fileRef = A24EF0CF298B8A8F004B6F01 /* 201011.swift */; };
		A24EF136298B8A90004B6F01 /* 201008.swift in Sources */ = {isa = PBXBuildFile; fileRef = A24EF0D0298B8A8F004B6F01 /* 201008.swift */; };
		A24EF137298B8A90004B6F01 /* 201028.swift in Sources */ = {isa = PBXBuildFile; fileRef = A24EF0D1298B8A8F004B6F01 /* 201028.swift */; };
		A24EF138298B8A90004B6F01 /* 201010.swift in Sources */ = {isa = PBXBuildFile; fileRef = A24EF0D2298B8A8F004B6F01 /* 201010.swift */; };
		A24EF139298B8A90004B6F01 /* 201009.swift in Sources */ = {isa = PBXBuildFile; fileRef = A24EF0D3298B8A8F004B6F01 /* 201009.swift */; };
		A24EF13A298B8A90004B6F01 /* 201012.swift in Sources */ = {isa = PBXBuildFile; fileRef = A24EF0D4298B8A8F004B6F01 /* 201012.swift */; };
		A24EF13B298B8A90004B6F01 /* 201016.swift in Sources */ = {isa = PBXBuildFile; fileRef = A24EF0D5298B8A8F004B6F01 /* 201016.swift */; };
		A24EF13C298B8A90004B6F01 /* 201030.swift in Sources */ = {isa = PBXBuildFile; fileRef = A24EF0D6298B8A8F004B6F01 /* 201030.swift */; };
		A24EF13D298B8A90004B6F01 /* 201029.swift in Sources */ = {isa = PBXBuildFile; fileRef = A24EF0D7298B8A8F004B6F01 /* 201029.swift */; };
		A24EF13E298B8A90004B6F01 /* 201014.swift in Sources */ = {isa = PBXBuildFile; fileRef = A24EF0D8298B8A8F004B6F01 /* 201014.swift */; };
		A24EF13F298B8A90004B6F01 /* 0125.swift in Sources */ = {isa = PBXBuildFile; fileRef = A24EF0DB298B8A8F004B6F01 /* 0125.swift */; };
		A24EF140298B8A90004B6F01 /* 0215.swift in Sources */ = {isa = PBXBuildFile; fileRef = A24EF0DD298B8A8F004B6F01 /* 0215.swift */; };
		A24EF141298B8A90004B6F01 /* 0223.swift in Sources */ = {isa = PBXBuildFile; fileRef = A24EF0DE298B8A8F004B6F01 /* 0223.swift */; };
		A24EF142298B8A90004B6F01 /* 0713.swift in Sources */ = {isa = PBXBuildFile; fileRef = A24EF0E0298B8A8F004B6F01 /* 0713.swift */; };
		A24EF143298B8A90004B6F01 /* 0711.swift in Sources */ = {isa = PBXBuildFile; fileRef = A24EF0E1298B8A8F004B6F01 /* 0711.swift */; };
		A24EF144298B8A90004B6F01 /* 0717.swift in Sources */ = {isa = PBXBuildFile; fileRef = A24EF0E2298B8A8F004B6F01 /* 0717.swift */; };
		A24EF145298B8A90004B6F01 /* 0712.swift in Sources */ = {isa = PBXBuildFile; fileRef = A24EF0E3298B8A8F004B6F01 /* 0712.swift */; };
		A24EF146298B8A90004B6F01 /* 0714.swift in Sources */ = {isa = PBXBuildFile; fileRef = A24EF0E4298B8A8F004B6F01 /* 0714.swift */; };
		A24EF147298B8A90004B6F01 /* 0314.swift in Sources */ = {isa = PBXBuildFile; fileRef = A24EF0E6298B8A8F004B6F01 /* 0314.swift */; };
		A24EF148298B8A90004B6F01 /* 0317.swift in Sources */ = {isa = PBXBuildFile; fileRef = A24EF0E7298B8A8F004B6F01 /* 0317.swift */; };
		A24EF149298B8A90004B6F01 /* 0304.swift in Sources */ = {isa = PBXBuildFile; fileRef = A24EF0E8298B8A8F004B6F01 /* 0304.swift */; };
		A24EF14A298B8A90004B6F01 /* 0301.swift in Sources */ = {isa = PBXBuildFile; fileRef = A24EF0E9298B8A8F004B6F01 /* 0301.swift */; };
		A24EF14B298B8A90004B6F01 /* 0303.swift in Sources */ = {isa = PBXBuildFile; fileRef = A24EF0EA298B8A8F004B6F01 /* 0303.swift */; };
		A24EF14C298B8A90004B6F01 /* 0307.swift in Sources */ = {isa = PBXBuildFile; fileRef = A24EF0EB298B8A8F004B6F01 /* 0307.swift */; };
		A24EF14D298B8A90004B6F01 /* 0305.swift in Sources */ = {isa = PBXBuildFile; fileRef = A24EF0EC298B8A8F004B6F01 /* 0305.swift */; };
		A24EF14E298B8A90004B6F01 /* 210113-2(56).swift in Sources */ = {isa = PBXBuildFile; fileRef = A24EF0EF298B8A8F004B6F01 /* 210113-2(56).swift */; };
		A24EF14F298B8A90004B6F01 /* 210120(678).swift in Sources */ = {isa = PBXBuildFile; fileRef = A24EF0F0298B8A8F004B6F01 /* 210120(678).swift */; };
		A24EF150298B8A90004B6F01 /* 210113(684).swift in Sources */ = {isa = PBXBuildFile; fileRef = A24EF0F1298B8A8F004B6F01 /* 210113(684).swift */; };
		A24EF151298B8A90004B6F01 /* 210117(1232).swift in Sources */ = {isa = PBXBuildFile; fileRef = A24EF0F2298B8A8F004B6F01 /* 210117(1232).swift */; };
		A24EF152298B8A90004B6F01 /* 210118(721).swift in Sources */ = {isa = PBXBuildFile; fileRef = A24EF0F3298B8A8F004B6F01 /* 210118(721).swift */; };
		A24EF153298B8A90004B6F01 /* 210110(228).swift in Sources */ = {isa = PBXBuildFile; fileRef = A24EF0F4298B8A8F004B6F01 /* 210110(228).swift */; };
		A24EF154298B8A90004B6F01 /* 210101(605).swift in Sources */ = {isa = PBXBuildFile; fileRef = A24EF0F5298B8A8F004B6F01 /* 210101(605).swift */; };
		A24EF155298B8A90004B6F01 /* 210115(947).swift in Sources */ = {isa = PBXBuildFile; fileRef = A24EF0F6298B8A8F004B6F01 /* 210115(947).swift */; };
		A24EF156298B8A90004B6F01 /* 210105(830).swift in Sources */ = {isa = PBXBuildFile; fileRef = A24EF0F7298B8A8F004B6F01 /* 210105(830).swift */; };
		A24EF157298B8A90004B6F01 /* 210122(989).swift in Sources */ = {isa = PBXBuildFile; fileRef = A24EF0F8298B8A8F004B6F01 /* 210122(989).swift */; };
		A24EF158298B8A90004B6F01 /* 210108(189).swift in Sources */ = {isa = PBXBuildFile; fileRef = A24EF0F9298B8A8F004B6F01 /* 210108(189).swift */; };
		A24EF159298B8A90004B6F01 /* 210114(1018).swift in Sources */ = {isa = PBXBuildFile; fileRef = A24EF0FA298B8A8F004B6F01 /* 210114(1018).swift */; };
		A24EF15A298B8A90004B6F01 /* 210106(399).swift in Sources */ = {isa = PBXBuildFile; fileRef = A24EF0FB298B8A8F004B6F01 /* 210106(399).swift */; };
		A24EF15B298B8A90004B6F01 /* 210104(509).swift in Sources */ = {isa = PBXBuildFile; fileRef = A24EF0FC298B8A8F004B6F01 /* 210104(509).swift */; };
		A24EF15C298B8A90004B6F01 /* 210107(547).swift in Sources */ = {isa = PBXBuildFile; fileRef = A24EF0FD298B8A8F004B6F01 /* 210107(547).swift */; };
		A24EF15D298B8A90004B6F01 /* 210202(424).swift in Sources */ = {isa = PBXBuildFile; fileRef = A24EF0FF298B8A8F004B6F01 /* 210202(424).swift */; };
		A24EF15E298B8A90004B6F01 /* 210228(896).swift in Sources */ = {isa = PBXBuildFile; fileRef = A24EF100298B8A8F004B6F01 /* 210228(896).swift */; };
		A24EF15F298B8A90004B6F01 /* 210201(888).swift in Sources */ = {isa = PBXBuildFile; fileRef = A24EF101298B8A8F004B6F01 /* 210201(888).swift */; };
		A24EF160298B8A90004B6F01 /* 20210402(42).swift in Sources */ = {isa = PBXBuildFile; fileRef = A24EF103298B8A8F004B6F01 /* 20210402(42).swift */; };
		A24EF161298B8A90004B6F01 /* 20210403(1143).swift in Sources */ = {isa = PBXBuildFile; fileRef = A24EF104298B8A8F004B6F01 /* 20210403(1143).swift */; };
		A24EF162298B8A90004B6F01 /* 20210405(88).swift in Sources */ = {isa = PBXBuildFile; fileRef = A24EF105298B8A8F004B6F01 /* 20210405(88).swift */; };
		A24EF163298B8A90004B6F01 /* 20210404(781).swift in Sources */ = {isa = PBXBuildFile; fileRef = A24EF106298B8A8F004B6F01 /* 20210404(781).swift */; };
		A24EF164298B8A90004B6F01 /* 20210301(303).swift in Sources */ = {isa = PBXBuildFile; fileRef = A24EF108298B8A8F004B6F01 /* 20210301(303).swift */; };
		A24EF165298B8A90004B6F01 /* 20210304(354).swift in Sources */ = {isa = PBXBuildFile; fileRef = A24EF109298B8A8F004B6F01 /* 20210304(354).swift */; };
		A24EF166298B8A90004B6F01 /* 20210326(83).swift in Sources */ = {isa = PBXBuildFile; fileRef = A24EF10A298B8A8F004B6F01 /* 20210326(83).swift */; };
		A24EF167298B8A90004B6F01 /* 20210302(304).swift in Sources */ = {isa = PBXBuildFile; fileRef = A24EF10B298B8A8F004B6F01 /* 20210302(304).swift */; };
		A24EF168298B8A90004B6F01 /* (4).swift in Sources */ = {isa = PBXBuildFile; fileRef = A24EF10C298B8A8F004B6F01 /* (4).swift */; };
		A24EF169298B8A90004B6F01 /* 20210331(90).swift in Sources */ = {isa = PBXBuildFile; fileRef = A24EF10D298B8A8F004B6F01 /* 20210331(90).swift */; };
		A24EF16A298B8A90004B6F01 /* 20210305(232).swift in Sources */ = {isa = PBXBuildFile; fileRef = A24EF10E298B8A8F004B6F01 /* 20210305(232).swift */; };
		A24EF16B298B8A90004B6F01 /* 20210325(82).swift in Sources */ = {isa = PBXBuildFile; fileRef = A24EF10F298B8A8F004B6F01 /* 20210325(82).swift */; };
		A24EF16C298B8A90004B6F01 /* 20210327(61)(5).swift in Sources */ = {isa = PBXBuildFile; fileRef = A24EF110298B8A8F004B6F01 /* 20210327(61)(5).swift */; };
		A24EF16D298B8A90004B6F01 /* 20210328(173).swift in Sources */ = {isa = PBXBuildFile; fileRef = A24EF111298B8A8F004B6F01 /* 20210328(173).swift */; };
		A24EF16E298B8A90004B6F01 /* 20210324(456).swift in Sources */ = {isa = PBXBuildFile; fileRef = A24EF112298B8A8F004B6F01 /* 20210324(456).swift */; };
		A24EF16F298B8A90004B6F01 /* 0313(705)滑动窗口.swift in Sources */ = {isa = PBXBuildFile; fileRef = A24EF113298B8A8F004B6F01 /* 0313(705)滑动窗口.swift */; };
		A24EF170298B8A90004B6F01 /* 20210317(54).swift in Sources */ = {isa = PBXBuildFile; fileRef = A24EF114298B8A8F004B6F01 /* 20210317(54).swift */; };
		A24EF171298B8A90004B6F01 /* 20210322(191).swift in Sources */ = {isa = PBXBuildFile; fileRef = A24EF115298B8A8F004B6F01 /* 20210322(191).swift */; };
		A24EF172298B8A90004B6F01 /* 20210318(59).swift in Sources */ = {isa = PBXBuildFile; fileRef = A24EF116298B8A8F004B6F01 /* 20210318(59).swift */; };
		A24EF173298B8A90004B6F01 /* 20210314(706).swift in Sources */ = {isa = PBXBuildFile; fileRef = A24EF117298B8A8F004B6F01 /* 20210314(706).swift */; };
		A24EF174298B8A90004B6F01 /* 20210321(73).swift in Sources */ = {isa = PBXBuildFile; fileRef = A24EF118298B8A8F004B6F01 /* 20210321(73).swift */; };
		A24EF175298B8A90004B6F01 /* 20210303(338).swift in Sources */ = {isa = PBXBuildFile; fileRef = A24EF119298B8A8F004B6F01 /* 20210303(338).swift */; };
		A24EF176298B8A90004B6F01 /* 20210330.swift in Sources */ = {isa = PBXBuildFile; fileRef = A24EF11A298B8A8F004B6F01 /* 20210330.swift */; };
		A24EF177298B8A90004B6F01 /* 20210329(190).swift in Sources */ = {isa = PBXBuildFile; fileRef = A24EF11B298B8A8F004B6F01 /* 20210329(190).swift */; };
		A24EF179298B8D06004B6F01 /* 230201.swift in Sources */ = {isa = PBXBuildFile; fileRef = A24EF178298B8D06004B6F01 /* 230201.swift */; };
		A24EF17D298B8D53004B6F01 /* LeetCode2023.swift in Sources */ = {isa = PBXBuildFile; fileRef = A24EF17C298B8D53004B6F01 /* LeetCode2023.swift */; };
		A2C58D822B95A36100B2BFED /* 240304.swift in Sources */ = {isa = PBXBuildFile; fileRef = A2C58D812B95A36100B2BFED /* 240304.swift */; };
/* End PBXBuildFile section */

/* Begin PBXCopyFilesBuildPhase section */
		60389A6E29800470005E4E8F /* CopyFiles */ = {
			isa = PBXCopyFilesBuildPhase;
			buildActionMask = 2147483647;
			dstPath = /usr/share/man/man1/;
			dstSubfolderSpec = 0;
			files = (
			);
			runOnlyForDeploymentPostprocessing = 1;
		};
/* End PBXCopyFilesBuildPhase section */

/* Begin PBXFileReference section */
		60389A7029800470005E4E8F /* Leetcode-Weixi */ = {isa = PBXFileReference; explicitFileType = "compiled.mach-o.executable"; includeInIndex = 0; path = "Leetcode-Weixi"; sourceTree = BUILT_PRODUCTS_DIR; };
		60389A7329800470005E4E8F /* main.swift */ = {isa = PBXFileReference; lastKnownFileType = sourcecode.swift; path = main.swift; sourceTree = "<group>"; };
		605C208B298E69B500713490 /* 230204.swift */ = {isa = PBXFileReference; lastKnownFileType = sourcecode.swift; path = 230204.swift; sourceTree = "<group>"; };
		6099E2972B9453BD0005AE35 /* Leetcode2024.swift */ = {isa = PBXFileReference; lastKnownFileType = sourcecode.swift; path = Leetcode2024.swift; sourceTree = "<group>"; };
		6099E2992B9454250005AE35 /* 240303.swift */ = {isa = PBXFileReference; lastKnownFileType = sourcecode.swift; path = 240303.swift; sourceTree = "<group>"; };
		60A76B1F2B96E37E006A1064 /* 240305.swift */ = {isa = PBXFileReference; lastKnownFileType = sourcecode.swift; path = 240305.swift; sourceTree = "<group>"; };
		60A76B232B9839BA006A1064 /* 240306.swift */ = {isa = PBXFileReference; lastKnownFileType = sourcecode.swift; path = 240306.swift; sourceTree = "<group>"; };
		60A76B252B998952006A1064 /* 240307.swift */ = {isa = PBXFileReference; lastKnownFileType = sourcecode.swift; path = 240307.swift; sourceTree = "<group>"; };
		60D8DE162B9D689A0021F7E2 /* 240310.swift */ = {isa = PBXFileReference; lastKnownFileType = sourcecode.swift; path = 240310.swift; sourceTree = "<group>"; };
		60D8DE192B9ECEBD0021F7E2 /* 240311.swift */ = {isa = PBXFileReference; lastKnownFileType = sourcecode.swift; path = 240311.swift; sourceTree = "<group>"; };
		60D8DE1B2BA01F600021F7E2 /* TreeNode.swift */ = {isa = PBXFileReference; lastKnownFileType = sourcecode.swift; path = TreeNode.swift; sourceTree = "<group>"; };
		60D8DE1D2BA01F760021F7E2 /* 240312.swift */ = {isa = PBXFileReference; lastKnownFileType = sourcecode.swift; path = 240312.swift; sourceTree = "<group>"; };
		60D8DE212BA16F4C0021F7E2 /* 240313.swift */ = {isa = PBXFileReference; lastKnownFileType = sourcecode.swift; path = 240313.swift; sourceTree = "<group>"; };
		60D8DE232BA2B36E0021F7E2 /* 240314.swift */ = {isa = PBXFileReference; lastKnownFileType = sourcecode.swift; path = 240314.swift; sourceTree = "<group>"; };
		A24EF0B4298B8A8F004B6F01 /* 201107.swift */ = {isa = PBXFileReference; fileEncoding = 4; lastKnownFileType = sourcecode.swift; path = 201107.swift; sourceTree = "<group>"; };
		A24EF0B5298B8A8F004B6F01 /* 201103.swift */ = {isa = PBXFileReference; fileEncoding = 4; lastKnownFileType = sourcecode.swift; path = 201103.swift; sourceTree = "<group>"; };
		A24EF0B6298B8A8F004B6F01 /* 201106(我是一行超人).swift */ = {isa = PBXFileReference; fileEncoding = 4; lastKnownFileType = sourcecode.swift; path = "201106(我是一行超人).swift"; sourceTree = "<group>"; };
		A24EF0B7298B8A8F004B6F01 /* 201104.swift */ = {isa = PBXFileReference; fileEncoding = 4; lastKnownFileType = sourcecode.swift; path = 201104.swift; sourceTree = "<group>"; };
		A24EF0B8298B8A8F004B6F01 /* 201102.swift */ = {isa = PBXFileReference; fileEncoding = 4; lastKnownFileType = sourcecode.swift; path = 201102.swift; sourceTree = "<group>"; };
		A24EF0B9298B8A8F004B6F01 /* 201108.swift */ = {isa = PBXFileReference; fileEncoding = 4; lastKnownFileType = sourcecode.swift; path = 201108.swift; sourceTree = "<group>"; };
		A24EF0BA298B8A8F004B6F01 /* 201105(这期是转折点).swift */ = {isa = PBXFileReference; fileEncoding = 4; lastKnownFileType = sourcecode.swift; path = "201105(这期是转折点).swift"; sourceTree = "<group>"; };
		A24EF0BB298B8A8F004B6F01 /* 201109.swift */ = {isa = PBXFileReference; fileEncoding = 4; lastKnownFileType = sourcecode.swift; path = 201109.swift; sourceTree = "<group>"; };
		A24EF0BD298B8A8F004B6F01 /* 200912(nm).swift */ = {isa = PBXFileReference; fileEncoding = 4; lastKnownFileType = sourcecode.swift; path = "200912(nm).swift"; sourceTree = "<group>"; };
		A24EF0BE298B8A8F004B6F01 /* 200906(梦开始的地方,还是抄的).swift */ = {isa = PBXFileReference; fileEncoding = 4; lastKnownFileType = sourcecode.swift; path = "200906(梦开始的地方,还是抄的).swift"; sourceTree = "<group>"; };
		A24EF0BF298B8A8F004B6F01 /* 200919.swift */ = {isa = PBXFileReference; fileEncoding = 4; lastKnownFileType = sourcecode.swift; path = 200919.swift; sourceTree = "<group>"; };
		A24EF0C0298B8A8F004B6F01 /* 200915(解数独).swift */ = {isa = PBXFileReference; fileEncoding = 4; lastKnownFileType = sourcecode.swift; path = "200915(解数独).swift"; sourceTree = "<group>"; };
		A24EF0C1298B8A8F004B6F01 /* 200911.swift */ = {isa = PBXFileReference; fileEncoding = 4; lastKnownFileType = sourcecode.swift; path = 200911.swift; sourceTree = "<group>"; };
		A24EF0C2298B8A8F004B6F01 /* 200917.swift */ = {isa = PBXFileReference; fileEncoding = 4; lastKnownFileType = sourcecode.swift; path = 200917.swift; sourceTree = "<group>"; };
		A24EF0C3298B8A8F004B6F01 /* 200908(回溯的梦).swift */ = {isa = PBXFileReference; fileEncoding = 4; lastKnownFileType = sourcecode.swift; path = "200908(回溯的梦).swift"; sourceTree = "<group>"; };
		A24EF0C4298B8A8F004B6F01 /* 200910.swift */ = {isa = PBXFileReference; fileEncoding = 4; lastKnownFileType = sourcecode.swift; path = 200910.swift; sourceTree = "<group>"; };
		A24EF0C5298B8A8F004B6F01 /* 200909.swift */ = {isa = PBXFileReference; fileEncoding = 4; lastKnownFileType = sourcecode.swift; path = 200909.swift; sourceTree = "<group>"; };
		A24EF0C6298B8A8F004B6F01 /* 200930.swift */ = {isa = PBXFileReference; fileEncoding = 4; lastKnownFileType = sourcecode.swift; path = 200930.swift; sourceTree = "<group>"; };
		A24EF0C7298B8A8F004B6F01 /* 200929.swift */ = {isa = PBXFileReference; fileEncoding = 4; lastKnownFileType = sourcecode.swift; path = 200929.swift; sourceTree = "<group>"; };
		A24EF0C8298B8A8F004B6F01 /* 200916.swift */ = {isa = PBXFileReference; fileEncoding = 4; lastKnownFileType = sourcecode.swift; path = 200916.swift; sourceTree = "<group>"; };
		A24EF0CA298B8A8F004B6F01 /* 201018.swift */ = {isa = PBXFileReference; fileEncoding = 4; lastKnownFileType = sourcecode.swift; path = 201018.swift; sourceTree = "<group>"; };
		A24EF0CB298B8A8F004B6F01 /* 201025.swift */ = {isa = PBXFileReference; fileEncoding = 4; lastKnownFileType = sourcecode.swift; path = 201025.swift; sourceTree = "<group>"; };
		A24EF0CC298B8A8F004B6F01 /* 201027(TreeNode).swift */ = {isa = PBXFileReference; fileEncoding = 4; lastKnownFileType = sourcecode.swift; path = "201027(TreeNode).swift"; sourceTree = "<group>"; };
		A24EF0CD298B8A8F004B6F01 /* 201026.swift */ = {isa = PBXFileReference; fileEncoding = 4; lastKnownFileType = sourcecode.swift; path = 201026.swift; sourceTree = "<group>"; };
		A24EF0CE298B8A8F004B6F01 /* 201013.swift */ = {isa = PBXFileReference; fileEncoding = 4; lastKnownFileType = sourcecode.swift; path = 201013.swift; sourceTree = "<group>"; };
		A24EF0CF298B8A8F004B6F01 /* 201011.swift */ = {isa = PBXFileReference; fileEncoding = 4; lastKnownFileType = sourcecode.swift; path = 201011.swift; sourceTree = "<group>"; };
		A24EF0D0298B8A8F004B6F01 /* 201008.swift */ = {isa = PBXFileReference; fileEncoding = 4; lastKnownFileType = sourcecode.swift; path = 201008.swift; sourceTree = "<group>"; };
		A24EF0D1298B8A8F004B6F01 /* 201028.swift */ = {isa = PBXFileReference; fileEncoding = 4; lastKnownFileType = sourcecode.swift; path = 201028.swift; sourceTree = "<group>"; };
		A24EF0D2298B8A8F004B6F01 /* 201010.swift */ = {isa = PBXFileReference; fileEncoding = 4; lastKnownFileType = sourcecode.swift; path = 201010.swift; sourceTree = "<group>"; };
		A24EF0D3298B8A8F004B6F01 /* 201009.swift */ = {isa = PBXFileReference; fileEncoding = 4; lastKnownFileType = sourcecode.swift; path = 201009.swift; sourceTree = "<group>"; };
		A24EF0D4298B8A8F004B6F01 /* 201012.swift */ = {isa = PBXFileReference; fileEncoding = 4; lastKnownFileType = sourcecode.swift; path = 201012.swift; sourceTree = "<group>"; };
		A24EF0D5298B8A8F004B6F01 /* 201016.swift */ = {isa = PBXFileReference; fileEncoding = 4; lastKnownFileType = sourcecode.swift; path = 201016.swift; sourceTree = "<group>"; };
		A24EF0D6298B8A8F004B6F01 /* 201030.swift */ = {isa = PBXFileReference; fileEncoding = 4; lastKnownFileType = sourcecode.swift; path = 201030.swift; sourceTree = "<group>"; };
		A24EF0D7298B8A8F004B6F01 /* 201029.swift */ = {isa = PBXFileReference; fileEncoding = 4; lastKnownFileType = sourcecode.swift; path = 201029.swift; sourceTree = "<group>"; };
		A24EF0D8298B8A8F004B6F01 /* 201014.swift */ = {isa = PBXFileReference; fileEncoding = 4; lastKnownFileType = sourcecode.swift; path = 201014.swift; sourceTree = "<group>"; };
		A24EF0DB298B8A8F004B6F01 /* 0125.swift */ = {isa = PBXFileReference; fileEncoding = 4; lastKnownFileType = sourcecode.swift; path = 0125.swift; sourceTree = "<group>"; };
		A24EF0DD298B8A8F004B6F01 /* 0215.swift */ = {isa = PBXFileReference; fileEncoding = 4; lastKnownFileType = sourcecode.swift; path = 0215.swift; sourceTree = "<group>"; };
		A24EF0DE298B8A8F004B6F01 /* 0223.swift */ = {isa = PBXFileReference; fileEncoding = 4; lastKnownFileType = sourcecode.swift; path = 0223.swift; sourceTree = "<group>"; };
		A24EF0E0298B8A8F004B6F01 /* 0713.swift */ = {isa = PBXFileReference; fileEncoding = 4; lastKnownFileType = sourcecode.swift; path = 0713.swift; sourceTree = "<group>"; };
		A24EF0E1298B8A8F004B6F01 /* 0711.swift */ = {isa = PBXFileReference; fileEncoding = 4; lastKnownFileType = sourcecode.swift; path = 0711.swift; sourceTree = "<group>"; };
		A24EF0E2298B8A8F004B6F01 /* 0717.swift */ = {isa = PBXFileReference; fileEncoding = 4; lastKnownFileType = sourcecode.swift; path = 0717.swift; sourceTree = "<group>"; };
		A24EF0E3298B8A8F004B6F01 /* 0712.swift */ = {isa = PBXFileReference; fileEncoding = 4; lastKnownFileType = sourcecode.swift; path = 0712.swift; sourceTree = "<group>"; };
		A24EF0E4298B8A8F004B6F01 /* 0714.swift */ = {isa = PBXFileReference; fileEncoding = 4; lastKnownFileType = sourcecode.swift; path = 0714.swift; sourceTree = "<group>"; };
		A24EF0E6298B8A8F004B6F01 /* 0314.swift */ = {isa = PBXFileReference; fileEncoding = 4; lastKnownFileType = sourcecode.swift; path = 0314.swift; sourceTree = "<group>"; };
		A24EF0E7298B8A8F004B6F01 /* 0317.swift */ = {isa = PBXFileReference; fileEncoding = 4; lastKnownFileType = sourcecode.swift; path = 0317.swift; sourceTree = "<group>"; };
		A24EF0E8298B8A8F004B6F01 /* 0304.swift */ = {isa = PBXFileReference; fileEncoding = 4; lastKnownFileType = sourcecode.swift; path = 0304.swift; sourceTree = "<group>"; };
		A24EF0E9298B8A8F004B6F01 /* 0301.swift */ = {isa = PBXFileReference; fileEncoding = 4; lastKnownFileType = sourcecode.swift; path = 0301.swift; sourceTree = "<group>"; };
		A24EF0EA298B8A8F004B6F01 /* 0303.swift */ = {isa = PBXFileReference; fileEncoding = 4; lastKnownFileType = sourcecode.swift; path = 0303.swift; sourceTree = "<group>"; };
		A24EF0EB298B8A8F004B6F01 /* 0307.swift */ = {isa = PBXFileReference; fileEncoding = 4; lastKnownFileType = sourcecode.swift; path = 0307.swift; sourceTree = "<group>"; };
		A24EF0EC298B8A8F004B6F01 /* 0305.swift */ = {isa = PBXFileReference; fileEncoding = 4; lastKnownFileType = sourcecode.swift; path = 0305.swift; sourceTree = "<group>"; };
		A24EF0EF298B8A8F004B6F01 /* 210113-2(56).swift */ = {isa = PBXFileReference; fileEncoding = 4; lastKnownFileType = sourcecode.swift; path = "210113-2(56).swift"; sourceTree = "<group>"; };
		A24EF0F0298B8A8F004B6F01 /* 210120(678).swift */ = {isa = PBXFileReference; fileEncoding = 4; lastKnownFileType = sourcecode.swift; path = "210120(678).swift"; sourceTree = "<group>"; };
		A24EF0F1298B8A8F004B6F01 /* 210113(684).swift */ = {isa = PBXFileReference; fileEncoding = 4; lastKnownFileType = sourcecode.swift; path = "210113(684).swift"; sourceTree = "<group>"; };
		A24EF0F2298B8A8F004B6F01 /* 210117(1232).swift */ = {isa = PBXFileReference; fileEncoding = 4; lastKnownFileType = sourcecode.swift; path = "210117(1232).swift"; sourceTree = "<group>"; };
		A24EF0F3298B8A8F004B6F01 /* 210118(721).swift */ = {isa = PBXFileReference; fileEncoding = 4; lastKnownFileType = sourcecode.swift; path = "210118(721).swift"; sourceTree = "<group>"; };
		A24EF0F4298B8A8F004B6F01 /* 210110(228).swift */ = {isa = PBXFileReference; fileEncoding = 4; lastKnownFileType = sourcecode.swift; path = "210110(228).swift"; sourceTree = "<group>"; };
		A24EF0F5298B8A8F004B6F01 /* 210101(605).swift */ = {isa = PBXFileReference; fileEncoding = 4; lastKnownFileType = sourcecode.swift; path = "210101(605).swift"; sourceTree = "<group>"; };
		A24EF0F6298B8A8F004B6F01 /* 210115(947).swift */ = {isa = PBXFileReference; fileEncoding = 4; lastKnownFileType = sourcecode.swift; path = "210115(947).swift"; sourceTree = "<group>"; };
		A24EF0F7298B8A8F004B6F01 /* 210105(830).swift */ = {isa = PBXFileReference; fileEncoding = 4; lastKnownFileType = sourcecode.swift; path = "210105(830).swift"; sourceTree = "<group>"; };
		A24EF0F8298B8A8F004B6F01 /* 210122(989).swift */ = {isa = PBXFileReference; fileEncoding = 4; lastKnownFileType = sourcecode.swift; path = "210122(989).swift"; sourceTree = "<group>"; };
		A24EF0F9298B8A8F004B6F01 /* 210108(189).swift */ = {isa = PBXFileReference; fileEncoding = 4; lastKnownFileType = sourcecode.swift; path = "210108(189).swift"; sourceTree = "<group>"; };
		A24EF0FA298B8A8F004B6F01 /* 210114(1018).swift */ = {isa = PBXFileReference; fileEncoding = 4; lastKnownFileType = sourcecode.swift; path = "210114(1018).swift"; sourceTree = "<group>"; };
		A24EF0FB298B8A8F004B6F01 /* 210106(399).swift */ = {isa = PBXFileReference; fileEncoding = 4; lastKnownFileType = sourcecode.swift; path = "210106(399).swift"; sourceTree = "<group>"; };
		A24EF0FC298B8A8F004B6F01 /* 210104(509).swift */ = {isa = PBXFileReference; fileEncoding = 4; lastKnownFileType = sourcecode.swift; path = "210104(509).swift"; sourceTree = "<group>"; };
		A24EF0FD298B8A8F004B6F01 /* 210107(547).swift */ = {isa = PBXFileReference; fileEncoding = 4; lastKnownFileType = sourcecode.swift; path = "210107(547).swift"; sourceTree = "<group>"; };
		A24EF0FF298B8A8F004B6F01 /* 210202(424).swift */ = {isa = PBXFileReference; fileEncoding = 4; lastKnownFileType = sourcecode.swift; path = "210202(424).swift"; sourceTree = "<group>"; };
		A24EF100298B8A8F004B6F01 /* 210228(896).swift */ = {isa = PBXFileReference; fileEncoding = 4; lastKnownFileType = sourcecode.swift; path = "210228(896).swift"; sourceTree = "<group>"; };
		A24EF101298B8A8F004B6F01 /* 210201(888).swift */ = {isa = PBXFileReference; fileEncoding = 4; lastKnownFileType = sourcecode.swift; path = "210201(888).swift"; sourceTree = "<group>"; };
		A24EF103298B8A8F004B6F01 /* 20210402(42).swift */ = {isa = PBXFileReference; fileEncoding = 4; lastKnownFileType = sourcecode.swift; path = "20210402(42).swift"; sourceTree = "<group>"; };
		A24EF104298B8A8F004B6F01 /* 20210403(1143).swift */ = {isa = PBXFileReference; fileEncoding = 4; lastKnownFileType = sourcecode.swift; path = "20210403(1143).swift"; sourceTree = "<group>"; };
		A24EF105298B8A8F004B6F01 /* 20210405(88).swift */ = {isa = PBXFileReference; fileEncoding = 4; lastKnownFileType = sourcecode.swift; path = "20210405(88).swift"; sourceTree = "<group>"; };
		A24EF106298B8A8F004B6F01 /* 20210404(781).swift */ = {isa = PBXFileReference; fileEncoding = 4; lastKnownFileType = sourcecode.swift; path = "20210404(781).swift"; sourceTree = "<group>"; };
		A24EF108298B8A8F004B6F01 /* 20210301(303).swift */ = {isa = PBXFileReference; fileEncoding = 4; lastKnownFileType = sourcecode.swift; path = "20210301(303).swift"; sourceTree = "<group>"; };
		A24EF109298B8A8F004B6F01 /* 20210304(354).swift */ = {isa = PBXFileReference; fileEncoding = 4; lastKnownFileType = sourcecode.swift; path = "20210304(354).swift"; sourceTree = "<group>"; };
		A24EF10A298B8A8F004B6F01 /* 20210326(83).swift */ = {isa = PBXFileReference; fileEncoding = 4; lastKnownFileType = sourcecode.swift; path = "20210326(83).swift"; sourceTree = "<group>"; };
		A24EF10B298B8A8F004B6F01 /* 20210302(304).swift */ = {isa = PBXFileReference; fileEncoding = 4; lastKnownFileType = sourcecode.swift; path = "20210302(304).swift"; sourceTree = "<group>"; };
		A24EF10C298B8A8F004B6F01 /* (4).swift */ = {isa = PBXFileReference; fileEncoding = 4; lastKnownFileType = sourcecode.swift; path = "(4).swift"; sourceTree = "<group>"; };
		A24EF10D298B8A8F004B6F01 /* 20210331(90).swift */ = {isa = PBXFileReference; fileEncoding = 4; lastKnownFileType = sourcecode.swift; path = "20210331(90).swift"; sourceTree = "<group>"; };
		A24EF10E298B8A8F004B6F01 /* 20210305(232).swift */ = {isa = PBXFileReference; fileEncoding = 4; lastKnownFileType = sourcecode.swift; path = "20210305(232).swift"; sourceTree = "<group>"; };
		A24EF10F298B8A8F004B6F01 /* 20210325(82).swift */ = {isa = PBXFileReference; fileEncoding = 4; lastKnownFileType = sourcecode.swift; path = "20210325(82).swift"; sourceTree = "<group>"; };
		A24EF110298B8A8F004B6F01 /* 20210327(61)(5).swift */ = {isa = PBXFileReference; fileEncoding = 4; lastKnownFileType = sourcecode.swift; path = "20210327(61)(5).swift"; sourceTree = "<group>"; };
		A24EF111298B8A8F004B6F01 /* 20210328(173).swift */ = {isa = PBXFileReference; fileEncoding = 4; lastKnownFileType = sourcecode.swift; path = "20210328(173).swift"; sourceTree = "<group>"; };
		A24EF112298B8A8F004B6F01 /* 20210324(456).swift */ = {isa = PBXFileReference; fileEncoding = 4; lastKnownFileType = sourcecode.swift; path = "20210324(456).swift"; sourceTree = "<group>"; };
		A24EF113298B8A8F004B6F01 /* 0313(705)滑动窗口.swift */ = {isa = PBXFileReference; fileEncoding = 4; lastKnownFileType = sourcecode.swift; path = "0313(705)滑动窗口.swift"; sourceTree = "<group>"; };
		A24EF114298B8A8F004B6F01 /* 20210317(54).swift */ = {isa = PBXFileReference; fileEncoding = 4; lastKnownFileType = sourcecode.swift; path = "20210317(54).swift"; sourceTree = "<group>"; };
		A24EF115298B8A8F004B6F01 /* 20210322(191).swift */ = {isa = PBXFileReference; fileEncoding = 4; lastKnownFileType = sourcecode.swift; path = "20210322(191).swift"; sourceTree = "<group>"; };
		A24EF116298B8A8F004B6F01 /* 20210318(59).swift */ = {isa = PBXFileReference; fileEncoding = 4; lastKnownFileType = sourcecode.swift; path = "20210318(59).swift"; sourceTree = "<group>"; };
		A24EF117298B8A8F004B6F01 /* 20210314(706).swift */ = {isa = PBXFileReference; fileEncoding = 4; lastKnownFileType = sourcecode.swift; path = "20210314(706).swift"; sourceTree = "<group>"; };
		A24EF118298B8A8F004B6F01 /* 20210321(73).swift */ = {isa = PBXFileReference; fileEncoding = 4; lastKnownFileType = sourcecode.swift; path = "20210321(73).swift"; sourceTree = "<group>"; };
		A24EF119298B8A8F004B6F01 /* 20210303(338).swift */ = {isa = PBXFileReference; fileEncoding = 4; lastKnownFileType = sourcecode.swift; path = "20210303(338).swift"; sourceTree = "<group>"; };
		A24EF11A298B8A8F004B6F01 /* 20210330.swift */ = {isa = PBXFileReference; fileEncoding = 4; lastKnownFileType = sourcecode.swift; path = 20210330.swift; sourceTree = "<group>"; };
		A24EF11B298B8A8F004B6F01 /* 20210329(190).swift */ = {isa = PBXFileReference; fileEncoding = 4; lastKnownFileType = sourcecode.swift; path = "20210329(190).swift"; sourceTree = "<group>"; };
		A24EF178298B8D06004B6F01 /* 230201.swift */ = {isa = PBXFileReference; lastKnownFileType = sourcecode.swift; path = 230201.swift; sourceTree = "<group>"; };
		A24EF17C298B8D53004B6F01 /* LeetCode2023.swift */ = {isa = PBXFileReference; lastKnownFileType = sourcecode.swift; path = LeetCode2023.swift; sourceTree = "<group>"; };
		A2C58D812B95A36100B2BFED /* 240304.swift */ = {isa = PBXFileReference; lastKnownFileType = sourcecode.swift; path = 240304.swift; sourceTree = "<group>"; };
/* End PBXFileReference section */

/* Begin PBXFrameworksBuildPhase section */
		60389A6D29800470005E4E8F /* Frameworks */ = {
			isa = PBXFrameworksBuildPhase;
			buildActionMask = 2147483647;
			files = (
			);
			runOnlyForDeploymentPostprocessing = 0;
		};
/* End PBXFrameworksBuildPhase section */

/* Begin PBXGroup section */
		60389A6729800470005E4E8F = {
			isa = PBXGroup;
			children = (
				60389A7229800470005E4E8F /* Leetcode-Weixi */,
				60389A7129800470005E4E8F /* Products */,
			);
			sourceTree = "<group>";
		};
		60389A7129800470005E4E8F /* Products */ = {
			isa = PBXGroup;
			children = (
				60389A7029800470005E4E8F /* Leetcode-Weixi */,
			);
			name = Products;
			sourceTree = "<group>";
		};
		60389A7229800470005E4E8F /* Leetcode-Weixi */ = {
			isa = PBXGroup;
			children = (
				A24EF0B2298B8A8F004B6F01 /* 2020 */,
				A24EF0ED298B8A8F004B6F01 /* 2021 */,
				A24EF0D9298B8A8F004B6F01 /* 2022 */,
				A24EF17A298B8D0C004B6F01 /* 2023 */,
				6099E2962B94539A0005AE35 /* 2024 */,
				60389A7329800470005E4E8F /* main.swift */,
				60D8DE1B2BA01F600021F7E2 /* TreeNode.swift */,
			);
			path = "Leetcode-Weixi";
			sourceTree = "<group>";
		};
		6099E2962B94539A0005AE35 /* 2024 */ = {
			isa = PBXGroup;
			children = (
				6099E2972B9453BD0005AE35 /* Leetcode2024.swift */,
				60D8DE182B9ECEAE0021F7E2 /* 3 */,
			);
			path = 2024;
			sourceTree = "<group>";
		};
		60D8DE182B9ECEAE0021F7E2 /* 3 */ = {
			isa = PBXGroup;
			children = (
				6099E2992B9454250005AE35 /* 240303.swift */,
				A2C58D812B95A36100B2BFED /* 240304.swift */,
				60A76B1F2B96E37E006A1064 /* 240305.swift */,
				60A76B232B9839BA006A1064 /* 240306.swift */,
				60A76B252B998952006A1064 /* 240307.swift */,
				60D8DE162B9D689A0021F7E2 /* 240310.swift */,
				60D8DE192B9ECEBD0021F7E2 /* 240311.swift */,
				60D8DE1D2BA01F760021F7E2 /* 240312.swift */,
				60D8DE212BA16F4C0021F7E2 /* 240313.swift */,
				60D8DE232BA2B36E0021F7E2 /* 240314.swift */,
			);
			path = 3;
			sourceTree = "<group>";
		};
		A24EF0B2298B8A8F004B6F01 /* 2020 */ = {
			isa = PBXGroup;
			children = (
				A24EF0BC298B8A8F004B6F01 /* 9月 */,
				A24EF0C9298B8A8F004B6F01 /* 10月 */,
				A24EF0B3298B8A8F004B6F01 /* 11月 */,
			);
			path = 2020;
			sourceTree = "<group>";
		};
		A24EF0B3298B8A8F004B6F01 /* 11月 */ = {
			isa = PBXGroup;
			children = (
				A24EF0B4298B8A8F004B6F01 /* 201107.swift */,
				A24EF0B5298B8A8F004B6F01 /* 201103.swift */,
				A24EF0B6298B8A8F004B6F01 /* 201106(我是一行超人).swift */,
				A24EF0B7298B8A8F004B6F01 /* 201104.swift */,
				A24EF0B8298B8A8F004B6F01 /* 201102.swift */,
				A24EF0B9298B8A8F004B6F01 /* 201108.swift */,
				A24EF0BA298B8A8F004B6F01 /* 201105(这期是转折点).swift */,
				A24EF0BB298B8A8F004B6F01 /* 201109.swift */,
			);
			path = "11月";
			sourceTree = "<group>";
		};
		A24EF0BC298B8A8F004B6F01 /* 9月 */ = {
			isa = PBXGroup;
			children = (
				A24EF0BD298B8A8F004B6F01 /* 200912(nm).swift */,
				A24EF0BE298B8A8F004B6F01 /* 200906(梦开始的地方,还是抄的).swift */,
				A24EF0BF298B8A8F004B6F01 /* 200919.swift */,
				A24EF0C0298B8A8F004B6F01 /* 200915(解数独).swift */,
				A24EF0C1298B8A8F004B6F01 /* 200911.swift */,
				A24EF0C2298B8A8F004B6F01 /* 200917.swift */,
				A24EF0C3298B8A8F004B6F01 /* 200908(回溯的梦).swift */,
				A24EF0C4298B8A8F004B6F01 /* 200910.swift */,
				A24EF0C5298B8A8F004B6F01 /* 200909.swift */,
				A24EF0C6298B8A8F004B6F01 /* 200930.swift */,
				A24EF0C7298B8A8F004B6F01 /* 200929.swift */,
				A24EF0C8298B8A8F004B6F01 /* 200916.swift */,
			);
			path = "9月";
			sourceTree = "<group>";
		};
		A24EF0C9298B8A8F004B6F01 /* 10月 */ = {
			isa = PBXGroup;
			children = (
				A24EF0CA298B8A8F004B6F01 /* 201018.swift */,
				A24EF0CB298B8A8F004B6F01 /* 201025.swift */,
				A24EF0CC298B8A8F004B6F01 /* 201027(TreeNode).swift */,
				A24EF0CD298B8A8F004B6F01 /* 201026.swift */,
				A24EF0CE298B8A8F004B6F01 /* 201013.swift */,
				A24EF0CF298B8A8F004B6F01 /* 201011.swift */,
				A24EF0D0298B8A8F004B6F01 /* 201008.swift */,
				A24EF0D1298B8A8F004B6F01 /* 201028.swift */,
				A24EF0D2298B8A8F004B6F01 /* 201010.swift */,
				A24EF0D3298B8A8F004B6F01 /* 201009.swift */,
				A24EF0D4298B8A8F004B6F01 /* 201012.swift */,
				A24EF0D5298B8A8F004B6F01 /* 201016.swift */,
				A24EF0D6298B8A8F004B6F01 /* 201030.swift */,
				A24EF0D7298B8A8F004B6F01 /* 201029.swift */,
				A24EF0D8298B8A8F004B6F01 /* 201014.swift */,
			);
			path = "10月";
			sourceTree = "<group>";
		};
		A24EF0D9298B8A8F004B6F01 /* 2022 */ = {
			isa = PBXGroup;
			children = (
				A24EF0DA298B8A8F004B6F01 /* 1月 */,
				A24EF0DC298B8A8F004B6F01 /* 2月 */,
				A24EF0E5298B8A8F004B6F01 /* 3月 */,
				A24EF0DF298B8A8F004B6F01 /* 7月 */,
			);
			path = 2022;
			sourceTree = "<group>";
		};
		A24EF0DA298B8A8F004B6F01 /* 1月 */ = {
			isa = PBXGroup;
			children = (
				A24EF0DB298B8A8F004B6F01 /* 0125.swift */,
			);
			path = "1月";
			sourceTree = "<group>";
		};
		A24EF0DC298B8A8F004B6F01 /* 2月 */ = {
			isa = PBXGroup;
			children = (
				A24EF0DD298B8A8F004B6F01 /* 0215.swift */,
				A24EF0DE298B8A8F004B6F01 /* 0223.swift */,
			);
			path = "2月";
			sourceTree = "<group>";
		};
		A24EF0DF298B8A8F004B6F01 /* 7月 */ = {
			isa = PBXGroup;
			children = (
				A24EF0E0298B8A8F004B6F01 /* 0713.swift */,
				A24EF0E1298B8A8F004B6F01 /* 0711.swift */,
				A24EF0E2298B8A8F004B6F01 /* 0717.swift */,
				A24EF0E3298B8A8F004B6F01 /* 0712.swift */,
				A24EF0E4298B8A8F004B6F01 /* 0714.swift */,
			);
			path = "7月";
			sourceTree = "<group>";
		};
		A24EF0E5298B8A8F004B6F01 /* 3月 */ = {
			isa = PBXGroup;
			children = (
				A24EF0E6298B8A8F004B6F01 /* 0314.swift */,
				A24EF0E7298B8A8F004B6F01 /* 0317.swift */,
				A24EF0E8298B8A8F004B6F01 /* 0304.swift */,
				A24EF0E9298B8A8F004B6F01 /* 0301.swift */,
				A24EF0EA298B8A8F004B6F01 /* 0303.swift */,
				A24EF0EB298B8A8F004B6F01 /* 0307.swift */,
				A24EF0EC298B8A8F004B6F01 /* 0305.swift */,
			);
			path = "3月";
			sourceTree = "<group>";
		};
		A24EF0ED298B8A8F004B6F01 /* 2021 */ = {
			isa = PBXGroup;
			children = (
				A24EF0EE298B8A8F004B6F01 /* 1月 */,
				A24EF0FE298B8A8F004B6F01 /* 2月 */,
				A24EF107298B8A8F004B6F01 /* 3月 */,
				A24EF102298B8A8F004B6F01 /* 4月 */,
			);
			path = 2021;
			sourceTree = "<group>";
		};
		A24EF0EE298B8A8F004B6F01 /* 1月 */ = {
			isa = PBXGroup;
			children = (
				A24EF0EF298B8A8F004B6F01 /* 210113-2(56).swift */,
				A24EF0F0298B8A8F004B6F01 /* 210120(678).swift */,
				A24EF0F1298B8A8F004B6F01 /* 210113(684).swift */,
				A24EF0F2298B8A8F004B6F01 /* 210117(1232).swift */,
				A24EF0F3298B8A8F004B6F01 /* 210118(721).swift */,
				A24EF0F4298B8A8F004B6F01 /* 210110(228).swift */,
				A24EF0F5298B8A8F004B6F01 /* 210101(605).swift */,
				A24EF0F6298B8A8F004B6F01 /* 210115(947).swift */,
				A24EF0F7298B8A8F004B6F01 /* 210105(830).swift */,
				A24EF0F8298B8A8F004B6F01 /* 210122(989).swift */,
				A24EF0F9298B8A8F004B6F01 /* 210108(189).swift */,
				A24EF0FA298B8A8F004B6F01 /* 210114(1018).swift */,
				A24EF0FB298B8A8F004B6F01 /* 210106(399).swift */,
				A24EF0FC298B8A8F004B6F01 /* 210104(509).swift */,
				A24EF0FD298B8A8F004B6F01 /* 210107(547).swift */,
			);
			path = "1月";
			sourceTree = "<group>";
		};
		A24EF0FE298B8A8F004B6F01 /* 2月 */ = {
			isa = PBXGroup;
			children = (
				A24EF0FF298B8A8F004B6F01 /* 210202(424).swift */,
				A24EF100298B8A8F004B6F01 /* 210228(896).swift */,
				A24EF101298B8A8F004B6F01 /* 210201(888).swift */,
			);
			path = "2月";
			sourceTree = "<group>";
		};
		A24EF102298B8A8F004B6F01 /* 4月 */ = {
			isa = PBXGroup;
			children = (
				A24EF103298B8A8F004B6F01 /* 20210402(42).swift */,
				A24EF104298B8A8F004B6F01 /* 20210403(1143).swift */,
				A24EF105298B8A8F004B6F01 /* 20210405(88).swift */,
				A24EF106298B8A8F004B6F01 /* 20210404(781).swift */,
			);
			path = "4月";
			sourceTree = "<group>";
		};
		A24EF107298B8A8F004B6F01 /* 3月 */ = {
			isa = PBXGroup;
			children = (
				A24EF108298B8A8F004B6F01 /* 20210301(303).swift */,
				A24EF109298B8A8F004B6F01 /* 20210304(354).swift */,
				A24EF10A298B8A8F004B6F01 /* 20210326(83).swift */,
				A24EF10B298B8A8F004B6F01 /* 20210302(304).swift */,
				A24EF10C298B8A8F004B6F01 /* (4).swift */,
				A24EF10D298B8A8F004B6F01 /* 20210331(90).swift */,
				A24EF10E298B8A8F004B6F01 /* 20210305(232).swift */,
				A24EF10F298B8A8F004B6F01 /* 20210325(82).swift */,
				A24EF110298B8A8F004B6F01 /* 20210327(61)(5).swift */,
				A24EF111298B8A8F004B6F01 /* 20210328(173).swift */,
				A24EF112298B8A8F004B6F01 /* 20210324(456).swift */,
				A24EF113298B8A8F004B6F01 /* 0313(705)滑动窗口.swift */,
				A24EF114298B8A8F004B6F01 /* 20210317(54).swift */,
				A24EF115298B8A8F004B6F01 /* 20210322(191).swift */,
				A24EF116298B8A8F004B6F01 /* 20210318(59).swift */,
				A24EF117298B8A8F004B6F01 /* 20210314(706).swift */,
				A24EF118298B8A8F004B6F01 /* 20210321(73).swift */,
				A24EF119298B8A8F004B6F01 /* 20210303(338).swift */,
				A24EF11A298B8A8F004B6F01 /* 20210330.swift */,
				A24EF11B298B8A8F004B6F01 /* 20210329(190).swift */,
			);
			path = "3月";
			sourceTree = "<group>";
		};
		A24EF17A298B8D0C004B6F01 /* 2023 */ = {
			isa = PBXGroup;
			children = (
				A24EF17C298B8D53004B6F01 /* LeetCode2023.swift */,
				A24EF17B298B8D26004B6F01 /* 2月 */,
			);
			path = 2023;
			sourceTree = "<group>";
		};
		A24EF17B298B8D26004B6F01 /* 2月 */ = {
			isa = PBXGroup;
			children = (
				A24EF178298B8D06004B6F01 /* 230201.swift */,
				605C208B298E69B500713490 /* 230204.swift */,
			);
			path = "2月";
			sourceTree = "<group>";
		};
/* End PBXGroup section */

/* Begin PBXNativeTarget section */
		60389A6F29800470005E4E8F /* Leetcode-Weixi */ = {
			isa = PBXNativeTarget;
			buildConfigurationList = 60389A7729800470005E4E8F /* Build configuration list for PBXNativeTarget "Leetcode-Weixi" */;
			buildPhases = (
				60389A6C29800470005E4E8F /* Sources */,
				60389A6D29800470005E4E8F /* Frameworks */,
				60389A6E29800470005E4E8F /* CopyFiles */,
			);
			buildRules = (
			);
			dependencies = (
			);
			name = "Leetcode-Weixi";
			productName = "Leetcode-Weixi";
			productReference = 60389A7029800470005E4E8F /* Leetcode-Weixi */;
			productType = "com.apple.product-type.tool";
		};
/* End PBXNativeTarget section */

/* Begin PBXProject section */
		60389A6829800470005E4E8F /* Project object */ = {
			isa = PBXProject;
			attributes = {
				BuildIndependentTargetsInParallel = 1;
				LastSwiftUpdateCheck = 1420;
				LastUpgradeCheck = 1520;
				TargetAttributes = {
					60389A6F29800470005E4E8F = {
						CreatedOnToolsVersion = 14.2;
					};
				};
			};
			buildConfigurationList = 60389A6B29800470005E4E8F /* Build configuration list for PBXProject "Leetcode-Weixi" */;
			compatibilityVersion = "Xcode 14.0";
			developmentRegion = en;
			hasScannedForEncodings = 0;
			knownRegions = (
				en,
				Base,
			);
			mainGroup = 60389A6729800470005E4E8F;
			productRefGroup = 60389A7129800470005E4E8F /* Products */;
			projectDirPath = "";
			projectRoot = "";
			targets = (
				60389A6F29800470005E4E8F /* Leetcode-Weixi */,
			);
		};
/* End PBXProject section */

/* Begin PBXSourcesBuildPhase section */
		60389A6C29800470005E4E8F /* Sources */ = {
			isa = PBXSourcesBuildPhase;
			buildActionMask = 2147483647;
			files = (
				A24EF11C298B8A8F004B6F01 /* 201107.swift in Sources */,
				A24EF121298B8A8F004B6F01 /* 201108.swift in Sources */,
				A24EF15D298B8A90004B6F01 /* 210202(424).swift in Sources */,
				A24EF136298B8A90004B6F01 /* 201008.swift in Sources */,
				6099E2982B9453BD0005AE35 /* Leetcode2024.swift in Sources */,
				A24EF138298B8A90004B6F01 /* 201010.swift in Sources */,
				A24EF134298B8A90004B6F01 /* 201013.swift in Sources */,
				A24EF155298B8A90004B6F01 /* 210115(947).swift in Sources */,
				A24EF131298B8A90004B6F01 /* 201025.swift in Sources */,
				A24EF11E298B8A8F004B6F01 /* 201106(我是一行超人).swift in Sources */,
				A24EF179298B8D06004B6F01 /* 230201.swift in Sources */,
				A24EF175298B8A90004B6F01 /* 20210303(338).swift in Sources */,
				A24EF174298B8A90004B6F01 /* 20210321(73).swift in Sources */,
				A24EF154298B8A90004B6F01 /* 210101(605).swift in Sources */,
				A24EF127298B8A8F004B6F01 /* 200915(解数独).swift in Sources */,
				A24EF142298B8A90004B6F01 /* 0713.swift in Sources */,
				A24EF167298B8A90004B6F01 /* 20210302(304).swift in Sources */,
				A24EF171298B8A90004B6F01 /* 20210322(191).swift in Sources */,
				A24EF14A298B8A90004B6F01 /* 0301.swift in Sources */,
				A24EF15A298B8A90004B6F01 /* 210106(399).swift in Sources */,
				A24EF13D298B8A90004B6F01 /* 201029.swift in Sources */,
				60A76B202B96E37E006A1064 /* 240305.swift in Sources */,
				A24EF15E298B8A90004B6F01 /* 210228(896).swift in Sources */,
				A24EF11F298B8A8F004B6F01 /* 201104.swift in Sources */,
				A24EF13C298B8A90004B6F01 /* 201030.swift in Sources */,
				A24EF16A298B8A90004B6F01 /* 20210305(232).swift in Sources */,
				60D8DE1A2B9ECEBD0021F7E2 /* 240311.swift in Sources */,
				A24EF172298B8A90004B6F01 /* 20210318(59).swift in Sources */,
				A24EF144298B8A90004B6F01 /* 0717.swift in Sources */,
				A24EF12F298B8A90004B6F01 /* 200916.swift in Sources */,
				A24EF162298B8A90004B6F01 /* 20210405(88).swift in Sources */,
				A24EF12B298B8A90004B6F01 /* 200910.swift in Sources */,
				A24EF14B298B8A90004B6F01 /* 0303.swift in Sources */,
				A24EF177298B8A90004B6F01 /* 20210329(190).swift in Sources */,
				A24EF15B298B8A90004B6F01 /* 210104(509).swift in Sources */,
				A24EF125298B8A8F004B6F01 /* 200906(梦开始的地方,还是抄的).swift in Sources */,
				60389A7429800470005E4E8F /* main.swift in Sources */,
				A24EF146298B8A90004B6F01 /* 0714.swift in Sources */,
				A24EF159298B8A90004B6F01 /* 210114(1018).swift in Sources */,
				A24EF13E298B8A90004B6F01 /* 201014.swift in Sources */,
				A24EF16D298B8A90004B6F01 /* 20210328(173).swift in Sources */,
				A24EF163298B8A90004B6F01 /* 20210404(781).swift in Sources */,
				A24EF161298B8A90004B6F01 /* 20210403(1143).swift in Sources */,
				A24EF13A298B8A90004B6F01 /* 201012.swift in Sources */,
				A24EF122298B8A8F004B6F01 /* 201105(这期是转折点).swift in Sources */,
				A24EF17D298B8D53004B6F01 /* LeetCode2023.swift in Sources */,
				A24EF12E298B8A90004B6F01 /* 200929.swift in Sources */,
				A24EF169298B8A90004B6F01 /* 20210331(90).swift in Sources */,
				A24EF139298B8A90004B6F01 /* 201009.swift in Sources */,
				A24EF15F298B8A90004B6F01 /* 210201(888).swift in Sources */,
				A24EF176298B8A90004B6F01 /* 20210330.swift in Sources */,
				A24EF137298B8A90004B6F01 /* 201028.swift in Sources */,
				A24EF12A298B8A90004B6F01 /* 200908(回溯的梦).swift in Sources */,
				605C208C298E69B500713490 /* 230204.swift in Sources */,
				A24EF128298B8A8F004B6F01 /* 200911.swift in Sources */,
				A24EF14E298B8A90004B6F01 /* 210113-2(56).swift in Sources */,
				A2C58D822B95A36100B2BFED /* 240304.swift in Sources */,
				60D8DE1E2BA01F760021F7E2 /* 240312.swift in Sources */,
				A24EF14F298B8A90004B6F01 /* 210120(678).swift in Sources */,
				A24EF140298B8A90004B6F01 /* 0215.swift in Sources */,
				A24EF135298B8A90004B6F01 /* 201011.swift in Sources */,
				A24EF11D298B8A8F004B6F01 /* 201103.swift in Sources */,
				A24EF16E298B8A90004B6F01 /* 20210324(456).swift in Sources */,
				A24EF126298B8A8F004B6F01 /* 200919.swift in Sources */,
				A24EF120298B8A8F004B6F01 /* 201102.swift in Sources */,
				A24EF168298B8A90004B6F01 /* (4).swift in Sources */,
				A24EF123298B8A8F004B6F01 /* 201109.swift in Sources */,
				A24EF165298B8A90004B6F01 /* 20210304(354).swift in Sources */,
				A24EF145298B8A90004B6F01 /* 0712.swift in Sources */,
				A24EF16C298B8A90004B6F01 /* 20210327(61)(5).swift in Sources */,
				A24EF160298B8A90004B6F01 /* 20210402(42).swift in Sources */,
				A24EF133298B8A90004B6F01 /* 201026.swift in Sources */,
				A24EF124298B8A8F004B6F01 /* 200912(nm).swift in Sources */,
				A24EF13F298B8A90004B6F01 /* 0125.swift in Sources */,
				A24EF166298B8A90004B6F01 /* 20210326(83).swift in Sources */,
				A24EF149298B8A90004B6F01 /* 0304.swift in Sources */,
				A24EF15C298B8A90004B6F01 /* 210107(547).swift in Sources */,
				A24EF14C298B8A90004B6F01 /* 0307.swift in Sources */,
				A24EF13B298B8A90004B6F01 /* 201016.swift in Sources */,
				A24EF151298B8A90004B6F01 /* 210117(1232).swift in Sources */,
				A24EF143298B8A90004B6F01 /* 0711.swift in Sources */,
				60D8DE242BA2B36E0021F7E2 /* 240314.swift in Sources */,
				A24EF12D298B8A90004B6F01 /* 200930.swift in Sources */,
				60D8DE172B9D689A0021F7E2 /* 240310.swift in Sources */,
				A24EF147298B8A90004B6F01 /* 0314.swift in Sources */,
				60A76B262B998952006A1064 /* 240307.swift in Sources */,
				A24EF157298B8A90004B6F01 /* 210122(989).swift in Sources */,
				A24EF132298B8A90004B6F01 /* 201027(TreeNode).swift in Sources */,
				60D8DE222BA16F4C0021F7E2 /* 240313.swift in Sources */,
				6099E29A2B9454250005AE35 /* 240303.swift in Sources */,
				A24EF14D298B8A90004B6F01 /* 0305.swift in Sources */,
				A24EF129298B8A8F004B6F01 /* 200917.swift in Sources */,
				A24EF150298B8A90004B6F01 /* 210113(684).swift in Sources */,
				A24EF156298B8A90004B6F01 /* 210105(830).swift in Sources */,
				A24EF164298B8A90004B6F01 /* 20210301(303).swift in Sources */,
				A24EF12C298B8A90004B6F01 /* 200909.swift in Sources */,
				A24EF16B298B8A90004B6F01 /* 20210325(82).swift in Sources */,
				A24EF152298B8A90004B6F01 /* 210118(721).swift in Sources */,
				A24EF158298B8A90004B6F01 /* 210108(189).swift in Sources */,
				A24EF141298B8A90004B6F01 /* 0223.swift in Sources */,
				A24EF148298B8A90004B6F01 /* 0317.swift in Sources */,
				60D8DE1C2BA01F600021F7E2 /* TreeNode.swift in Sources */,
				A24EF16F298B8A90004B6F01 /* 0313(705)滑动窗口.swift in Sources */,
				A24EF170298B8A90004B6F01 /* 20210317(54).swift in Sources */,
				A24EF173298B8A90004B6F01 /* 20210314(706).swift in Sources */,
				A24EF130298B8A90004B6F01 /* 201018.swift in Sources */,
				A24EF153298B8A90004B6F01 /* 210110(228).swift in Sources */,
				60A76B242B9839BA006A1064 /* 240306.swift in Sources */,
			);
			runOnlyForDeploymentPostprocessing = 0;
		};
/* End PBXSourcesBuildPhase section */

/* Begin XCBuildConfiguration section */
		60389A7529800470005E4E8F /* Debug */ = {
			isa = XCBuildConfiguration;
			buildSettings = {
				ALWAYS_SEARCH_USER_PATHS = NO;
				CLANG_ANALYZER_NONNULL = YES;
				CLANG_ANALYZER_NUMBER_OBJECT_CONVERSION = YES_AGGRESSIVE;
				CLANG_CXX_LANGUAGE_STANDARD = "gnu++20";
				CLANG_ENABLE_MODULES = YES;
				CLANG_ENABLE_OBJC_ARC = YES;
				CLANG_ENABLE_OBJC_WEAK = YES;
				CLANG_WARN_BLOCK_CAPTURE_AUTORELEASING = YES;
				CLANG_WARN_BOOL_CONVERSION = YES;
				CLANG_WARN_COMMA = YES;
				CLANG_WARN_CONSTANT_CONVERSION = YES;
				CLANG_WARN_DEPRECATED_OBJC_IMPLEMENTATIONS = YES;
				CLANG_WARN_DIRECT_OBJC_ISA_USAGE = YES_ERROR;
				CLANG_WARN_DOCUMENTATION_COMMENTS = YES;
				CLANG_WARN_EMPTY_BODY = YES;
				CLANG_WARN_ENUM_CONVERSION = YES;
				CLANG_WARN_INFINITE_RECURSION = YES;
				CLANG_WARN_INT_CONVERSION = YES;
				CLANG_WARN_NON_LITERAL_NULL_CONVERSION = YES;
				CLANG_WARN_OBJC_IMPLICIT_RETAIN_SELF = YES;
				CLANG_WARN_OBJC_LITERAL_CONVERSION = YES;
				CLANG_WARN_OBJC_ROOT_CLASS = YES_ERROR;
				CLANG_WARN_QUOTED_INCLUDE_IN_FRAMEWORK_HEADER = YES;
				CLANG_WARN_RANGE_LOOP_ANALYSIS = YES;
				CLANG_WARN_STRICT_PROTOTYPES = YES;
				CLANG_WARN_SUSPICIOUS_MOVE = YES;
				CLANG_WARN_UNGUARDED_AVAILABILITY = YES_AGGRESSIVE;
				CLANG_WARN_UNREACHABLE_CODE = YES;
				CLANG_WARN__DUPLICATE_METHOD_MATCH = YES;
				COPY_PHASE_STRIP = NO;
				DEAD_CODE_STRIPPING = YES;
				DEBUG_INFORMATION_FORMAT = dwarf;
				ENABLE_STRICT_OBJC_MSGSEND = YES;
				ENABLE_TESTABILITY = YES;
				ENABLE_USER_SCRIPT_SANDBOXING = YES;
				GCC_C_LANGUAGE_STANDARD = gnu11;
				GCC_DYNAMIC_NO_PIC = NO;
				GCC_NO_COMMON_BLOCKS = YES;
				GCC_OPTIMIZATION_LEVEL = 0;
				GCC_PREPROCESSOR_DEFINITIONS = (
					"DEBUG=1",
					"$(inherited)",
				);
				GCC_WARN_64_TO_32_BIT_CONVERSION = YES;
				GCC_WARN_ABOUT_RETURN_TYPE = YES_ERROR;
				GCC_WARN_UNDECLARED_SELECTOR = YES;
				GCC_WARN_UNINITIALIZED_AUTOS = YES_AGGRESSIVE;
				GCC_WARN_UNUSED_FUNCTION = YES;
				GCC_WARN_UNUSED_VARIABLE = YES;
				MACOSX_DEPLOYMENT_TARGET = 13.1;
				MTL_ENABLE_DEBUG_INFO = INCLUDE_SOURCE;
				MTL_FAST_MATH = YES;
				ONLY_ACTIVE_ARCH = YES;
				SDKROOT = macosx;
				SWIFT_ACTIVE_COMPILATION_CONDITIONS = DEBUG;
				SWIFT_OPTIMIZATION_LEVEL = "-Onone";
			};
			name = Debug;
		};
		60389A7629800470005E4E8F /* Release */ = {
			isa = XCBuildConfiguration;
			buildSettings = {
				ALWAYS_SEARCH_USER_PATHS = NO;
				CLANG_ANALYZER_NONNULL = YES;
				CLANG_ANALYZER_NUMBER_OBJECT_CONVERSION = YES_AGGRESSIVE;
				CLANG_CXX_LANGUAGE_STANDARD = "gnu++20";
				CLANG_ENABLE_MODULES = YES;
				CLANG_ENABLE_OBJC_ARC = YES;
				CLANG_ENABLE_OBJC_WEAK = YES;
				CLANG_WARN_BLOCK_CAPTURE_AUTORELEASING = YES;
				CLANG_WARN_BOOL_CONVERSION = YES;
				CLANG_WARN_COMMA = YES;
				CLANG_WARN_CONSTANT_CONVERSION = YES;
				CLANG_WARN_DEPRECATED_OBJC_IMPLEMENTATIONS = YES;
				CLANG_WARN_DIRECT_OBJC_ISA_USAGE = YES_ERROR;
				CLANG_WARN_DOCUMENTATION_COMMENTS = YES;
				CLANG_WARN_EMPTY_BODY = YES;
				CLANG_WARN_ENUM_CONVERSION = YES;
				CLANG_WARN_INFINITE_RECURSION = YES;
				CLANG_WARN_INT_CONVERSION = YES;
				CLANG_WARN_NON_LITERAL_NULL_CONVERSION = YES;
				CLANG_WARN_OBJC_IMPLICIT_RETAIN_SELF = YES;
				CLANG_WARN_OBJC_LITERAL_CONVERSION = YES;
				CLANG_WARN_OBJC_ROOT_CLASS = YES_ERROR;
				CLANG_WARN_QUOTED_INCLUDE_IN_FRAMEWORK_HEADER = YES;
				CLANG_WARN_RANGE_LOOP_ANALYSIS = YES;
				CLANG_WARN_STRICT_PROTOTYPES = YES;
				CLANG_WARN_SUSPICIOUS_MOVE = YES;
				CLANG_WARN_UNGUARDED_AVAILABILITY = YES_AGGRESSIVE;
				CLANG_WARN_UNREACHABLE_CODE = YES;
				CLANG_WARN__DUPLICATE_METHOD_MATCH = YES;
				COPY_PHASE_STRIP = NO;
				DEAD_CODE_STRIPPING = YES;
				DEBUG_INFORMATION_FORMAT = "dwarf-with-dsym";
				ENABLE_NS_ASSERTIONS = NO;
				ENABLE_STRICT_OBJC_MSGSEND = YES;
				ENABLE_USER_SCRIPT_SANDBOXING = YES;
				GCC_C_LANGUAGE_STANDARD = gnu11;
				GCC_NO_COMMON_BLOCKS = YES;
				GCC_WARN_64_TO_32_BIT_CONVERSION = YES;
				GCC_WARN_ABOUT_RETURN_TYPE = YES_ERROR;
				GCC_WARN_UNDECLARED_SELECTOR = YES;
				GCC_WARN_UNINITIALIZED_AUTOS = YES_AGGRESSIVE;
				GCC_WARN_UNUSED_FUNCTION = YES;
				GCC_WARN_UNUSED_VARIABLE = YES;
				MACOSX_DEPLOYMENT_TARGET = 13.1;
				MTL_ENABLE_DEBUG_INFO = NO;
				MTL_FAST_MATH = YES;
				SDKROOT = macosx;
				SWIFT_COMPILATION_MODE = wholemodule;
				SWIFT_OPTIMIZATION_LEVEL = "-O";
			};
			name = Release;
		};
		60389A7829800470005E4E8F /* Debug */ = {
			isa = XCBuildConfiguration;
			buildSettings = {
				CODE_SIGN_STYLE = Automatic;
				DEAD_CODE_STRIPPING = YES;
				DEVELOPMENT_TEAM = 65972SHM9W;
				ENABLE_HARDENED_RUNTIME = YES;
				MACOSX_DEPLOYMENT_TARGET = 13.0;
				PRODUCT_NAME = "$(TARGET_NAME)";
				SWIFT_VERSION = 5.0;
			};
			name = Debug;
		};
		60389A7929800470005E4E8F /* Release */ = {
			isa = XCBuildConfiguration;
			buildSettings = {
				CODE_SIGN_STYLE = Automatic;
				DEAD_CODE_STRIPPING = YES;
				DEVELOPMENT_TEAM = 65972SHM9W;
				ENABLE_HARDENED_RUNTIME = YES;
				MACOSX_DEPLOYMENT_TARGET = 13.0;
				PRODUCT_NAME = "$(TARGET_NAME)";
				SWIFT_VERSION = 5.0;
			};
			name = Release;
		};
/* End XCBuildConfiguration section */

/* Begin XCConfigurationList section */
		60389A6B29800470005E4E8F /* Build configuration list for PBXProject "Leetcode-Weixi" */ = {
			isa = XCConfigurationList;
			buildConfigurations = (
				60389A7529800470005E4E8F /* Debug */,
				60389A7629800470005E4E8F /* Release */,
			);
			defaultConfigurationIsVisible = 0;
			defaultConfigurationName = Release;
		};
		60389A7729800470005E4E8F /* Build configuration list for PBXNativeTarget "Leetcode-Weixi" */ = {
			isa = XCConfigurationList;
			buildConfigurations = (
				60389A7829800470005E4E8F /* Debug */,
				60389A7929800470005E4E8F /* Release */,
			);
			defaultConfigurationIsVisible = 0;
			defaultConfigurationName = Release;
		};
/* End XCConfigurationList section */
	};
	rootObject = 60389A6829800470005E4E8F /* Project object */;
}
